Microsoft Visual Studio Solution File, Format Version 12.00
# Visual Studio Version 16
VisualStudioVersion = 16.0.31229.75
MinimumVisualStudioVersion = 10.0.40219.1
Project("{2150E333-8FDC-42A3-9474-1A3956D46DE8}") = "Docs", "Docs", "{E582422F-6081-48BE-892D-AAA75999EDC0}"
EndProject
Project("{2150E333-8FDC-42A3-9474-1A3956D46DE8}") = "Open3270", "Open3270", "{6E8B3FEB-49D0-41A0-B954-4DD042AB7DC4}"
	ProjectSection(SolutionItems) = preProject
		..\documentation\Open3270\TerminalDemo.one = ..\documentation\Open3270\TerminalDemo.one
		..\documentation\Open3270\ToDo.one = ..\documentation\Open3270\ToDo.one
	EndProjectSection
EndProject
Project("{2150E333-8FDC-42A3-9474-1A3956D46DE8}") = "IBM 3270 Documentation", "IBM 3270 Documentation", "{CCD23DFC-B849-427F-A48C-AC0BCAEBDDD0}"
	ProjectSection(SolutionItems) = preProject
		..\documentation\IBM 3270 Documentation\IBM 3270 Data Stream Programmers Reference 1-4.pdf = ..\documentation\IBM 3270 Documentation\IBM 3270 Data Stream Programmers Reference 1-4.pdf
		..\documentation\IBM 3270 Documentation\IBM 3270 Data Stream Programmers Reference 10-.pdf = ..\documentation\IBM 3270 Documentation\IBM 3270 Data Stream Programmers Reference 10-.pdf
		..\documentation\IBM 3270 Documentation\IBM 3270 Data Stream Programmers Reference 5.pdf = ..\documentation\IBM 3270 Documentation\IBM 3270 Data Stream Programmers Reference 5.pdf
		..\documentation\IBM 3270 Documentation\IBM 3270 Data Stream Programmers Reference 6.pdf = ..\documentation\IBM 3270 Documentation\IBM 3270 Data Stream Programmers Reference 6.pdf
		..\documentation\IBM 3270 Documentation\IBM 3270 Data Stream Programmers Reference 7-9.pdf = ..\documentation\IBM 3270 Documentation\IBM 3270 Data Stream Programmers Reference 7-9.pdf
		..\documentation\IBM 3270 Documentation\PCOMM OIA Data.pdf = ..\documentation\IBM 3270 Documentation\PCOMM OIA Data.pdf
	EndProjectSection
EndProject
Project("{9A19103F-16F7-4668-BE54-9A1E7A4F7556}") = "Open3270Library", "Open3270Library\Open3270Library.csproj", "{21ACD7EA-3304-46DF-817A-3E098B8F54E0}"
EndProject
Project("{9A19103F-16F7-4668-BE54-9A1E7A4F7556}") = "SampleConsole", "SampleConsole\SampleConsole.csproj", "{CEE08864-84B5-46C4-904D-C348530F1403}"
EndProject
Project("{FAE04EC0-301F-11D3-BF4B-00C04F79EFBC}") = "SampleForm", "SampleForm\SampleForm.csproj", "{DDB9AB34-2CAE-415A-92C9-89C3767CB609}"
EndProject
Project("{FAE04EC0-301F-11D3-BF4B-00C04F79EFBC}") = "SampleScreenscraping", "SampleScreenscraping\SampleScreenscraping.csproj", "{3E267E35-A444-4CE6-8E6C-162BC8A5F0F0}"
EndProject
Project("{FAE04EC0-301F-11D3-BF4B-00C04F79EFBC}") = "SampleWPF", "SampleWPF\SampleWPF.csproj", "{9A048D02-3BEF-4599-B5BD-AFF854114535}"
EndProject
Project("{FAE04EC0-301F-11D3-BF4B-00C04F79EFBC}") = "Test3rdPartyServers", "Test3rdPartyServers\Test3rdPartyServers.csproj", "{A7C7BBEB-72CC-4CDB-AD8B-C51321E210A8}"
EndProject
Global
	GlobalSection(SolutionConfigurationPlatforms) = preSolution
		Debug|Any CPU = Debug|Any CPU
		Release|Any CPU = Release|Any CPU
	EndGlobalSection
	GlobalSection(ProjectConfigurationPlatforms) = postSolution
		{21ACD7EA-3304-46DF-817A-3E098B8F54E0}.Debug|Any CPU.ActiveCfg = Debug|Any CPU
		{21ACD7EA-3304-46DF-817A-3E098B8F54E0}.Debug|Any CPU.Build.0 = Debug|Any CPU
		{21ACD7EA-3304-46DF-817A-3E098B8F54E0}.Release|Any CPU.ActiveCfg = Release|Any CPU
		{21ACD7EA-3304-46DF-817A-3E098B8F54E0}.Release|Any CPU.Build.0 = Release|Any CPU
		{CEE08864-84B5-46C4-904D-C348530F1403}.Debug|Any CPU.ActiveCfg = Debug|Any CPU
		{CEE08864-84B5-46C4-904D-C348530F1403}.Debug|Any CPU.Build.0 = Debug|Any CPU
		{CEE08864-84B5-46C4-904D-C348530F1403}.Release|Any CPU.ActiveCfg = Release|Any CPU
		{CEE08864-84B5-46C4-904D-C348530F1403}.Release|Any CPU.Build.0 = Release|Any CPU
		{DDB9AB34-2CAE-415A-92C9-89C3767CB609}.Debug|Any CPU.ActiveCfg = Debug|Any CPU
		{DDB9AB34-2CAE-415A-92C9-89C3767CB609}.Debug|Any CPU.Build.0 = Debug|Any CPU
		{DDB9AB34-2CAE-415A-92C9-89C3767CB609}.Release|Any CPU.ActiveCfg = Release|Any CPU
		{DDB9AB34-2CAE-415A-92C9-89C3767CB609}.Release|Any CPU.Build.0 = Release|Any CPU
		{3E267E35-A444-4CE6-8E6C-162BC8A5F0F0}.Debug|Any CPU.ActiveCfg = Debug|Any CPU
		{3E267E35-A444-4CE6-8E6C-162BC8A5F0F0}.Debug|Any CPU.Build.0 = Debug|Any CPU
		{3E267E35-A444-4CE6-8E6C-162BC8A5F0F0}.Release|Any CPU.ActiveCfg = Release|Any CPU
		{3E267E35-A444-4CE6-8E6C-162BC8A5F0F0}.Release|Any CPU.Build.0 = Release|Any CPU
		{9A048D02-3BEF-4599-B5BD-AFF854114535}.Debug|Any CPU.ActiveCfg = Debug|Any CPU
		{9A048D02-3BEF-4599-B5BD-AFF854114535}.Debug|Any CPU.Build.0 = Debug|Any CPU
		{9A048D02-3BEF-4599-B5BD-AFF854114535}.Release|Any CPU.ActiveCfg = Release|Any CPU
		{9A048D02-3BEF-4599-B5BD-AFF854114535}.Release|Any CPU.Build.0 = Release|Any CPU
		{A7C7BBEB-72CC-4CDB-AD8B-C51321E210A8}.Debug|Any CPU.ActiveCfg = Debug|Any CPU
		{A7C7BBEB-72CC-4CDB-AD8B-C51321E210A8}.Debug|Any CPU.Build.0 = Debug|Any CPU
		{A7C7BBEB-72CC-4CDB-AD8B-C51321E210A8}.Release|Any CPU.ActiveCfg = Release|Any CPU
		{A7C7BBEB-72CC-4CDB-AD8B-C51321E210A8}.Release|Any CPU.Build.0 = Release|Any CPU
	EndGlobalSection
	GlobalSection(SolutionProperties) = preSolution
		HideSolutionNode = FALSE
	EndGlobalSection
	GlobalSection(NestedProjects) = preSolution
		{6E8B3FEB-49D0-41A0-B954-4DD042AB7DC4} = {E582422F-6081-48BE-892D-AAA75999EDC0}
		{CCD23DFC-B849-427F-A48C-AC0BCAEBDDD0} = {E582422F-6081-48BE-892D-AAA75999EDC0}
	EndGlobalSection
	GlobalSection(ExtensibilityGlobals) = postSolution
		SolutionGuid = {7986D523-DECA-4B08-BA48-D04AB06D9634}
	EndGlobalSection
	GlobalSection(SubversionScc) = preSolution
		Svn-Managed = True
		Manager = AnkhSVN - Subversion Support for Visual Studio
	EndGlobalSection
	GlobalSection(MonoDevelopProperties) = preSolution
		Policies = $0
		$0.TextStylePolicy = $3
		$1.inheritsSet = null
		$1.scope = text/x-csharp
		$0.CSharpFormattingPolicy = $2
		$2.scope = text/x-csharp
		$3.FileWidth = 80
		$3.TabWidth = 3
		$3.IndentWidth = 3
		$3.scope = text/plain
	EndGlobalSection
EndGlobal
